
Microsoft Visual Studio Solution File, Format Version 12.00
# Visual Studio 2013
VisualStudioVersion = 12.0.30723.0
MinimumVisualStudioVersion = 10.0.40219.1
Project("{FAE04EC0-301F-11D3-BF4B-00C04F79EFBC}") = "141035", "141035\141035.csproj", "{FCF5F00B-CB3F-4C88-8C49-F626B6B6CD21}"
EndProject
Global
	GlobalSection(SolutionConfigurationPlatforms) = preSolution
		Debug|Any CPU = Debug|Any CPU
		Release|Any CPU = Release|Any CPU
	EndGlobalSection
	GlobalSection(ProjectConfigurationPlatforms) = postSolution
		{FCF5F00B-CB3F-4C88-8C49-F626B6B6CD21}.Debug|Any CPU.ActiveCfg = Debug|Any CPU
		{FCF5F00B-CB3F-4C88-8C49-F626B6B6CD21}.Debug|Any CPU.Build.0 = Debug|Any CPU
		{FCF5F00B-CB3F-4C88-8C49-F626B6B6CD21}.Release|Any CPU.ActiveCfg = Release|Any CPU
		{FCF5F00B-CB3F-4C88-8C49-F626B6B6CD21}.Release|Any CPU.Build.0 = Release|Any CPU
	EndGlobalSection
	GlobalSection(SolutionProperties) = preSolution
		HideSolutionNode = FALSE
	EndGlobalSection
EndGlobal
